{
  "definition": "./",
  "optionals": [],
  "private": {
    "modules": [ {
      "definition": "https://github.com/Zefiros-Software/ZefirosDefaults.git",
      "hash": "2a324c0a911bae32ea5aaa021452424851afc5f1",
      "name": "Zefiros-Software/Defaults",
      "public": {
        "libraries": [ {
          "definition": "https://github.com/Zefiros-Software/GoogleTest.git",
          "hash": "278aba369c41e90e9e77a6f51443beb3692919cf",
          "name": "Zefiros-Software/GoogleTest",
          "repository": "https://github.com/google/googletest.git",
          "tag": "HEAD",
          "versionRequirement": "@head || ^1.0.0"
        }, {
          "definition": "https://github.com/Zefiros-Software/GoogleBenchmark.git",
          "hash": "8986839e4ac67facb52abc7fff3d5082e854aab5",
          "name": "Zefiros-Software/GoogleBenchmark",
          "repository": "https://github.com/google/benchmark.git",
          "tag": "HEAD",
          "versionRequirement": "@head"
        } ]
      },
      "repository": "https://github.com/Zefiros-Software/ZefirosDefaults.git",
      "tag": "HEAD",
      "versionRequirement": "@head"
    }, {
      "definition": "https://github.com/Zefiros-Software/MPI.git",
      "hash": "f7b27008d16bc236be07ec6aa7980062fa7bc2c5",
      "name": "Zefiros-Software/MPI",
      "repository": "https://github.com/Zefiros-Software/MPI.git",
      "tag": "HEAD",
      "versionRequirement": "@head"
    } ]
  },
  "public": {
    "libraries": [ {
      "definition": "https://github.com/Zefiros-Software/Fmt.git",
      "hash": "135ab5cf71ed731fc9fa0653051e7d4884a3652f",
      "name": "Zefiros-Software/Fmt",
      "repository": "https://github.com/fmtlib/fmt.git",
      "tag": "4.1.0",
      "version": "4.1.0",
      "versionRequirement": "^4.0.0"
    }, {
      "definition": "https://github.com/Zefiros-Software/ArmadilloBuild.git",
      "hash": "0b407871f10e0bc8e136889c367f21b8f9348068",
      "name": "Zefiros-Software/Armadillo",
      "optionals": {
        "libraries": [ {
          "name": "Zefiros-Software/MKL",
          "versionRequirement": "@head"
        } ]
      },
      "repository": "https://github.com/conradsnicta/armadillo-code.git",
      "tag": "8.500.x",
      "versionRequirement": ">=8.0.0"
    }, {
      "definition": "https://github.com/Zefiros-Software/Json.git",
      "hash": "d2dd27dc3b8472dbaa7d66f83619b3ebcd9185fe",
      "name": "Zefiros-Software/Json",
      "repository": "https://github.com/nlohmann/json.git",
      "tag": "v3.1.2",
      "version": "3.1.2",
      "versionRequirement": "^3.0.0"
    }, {
      "definition": "https://github.com/Zefiros-Software/Args.git",
      "hash": "55dfb31b2f7ed3dfd6893b587b7ee5ce12e29653",
      "name": "Zefiros-Software/Args",
      "public": {
        "libraries": [ {
          "definition": "https://github.com/Zefiros-Software/cxxopts.git",
          "hash": "8893afe13cc47dd0be4f25b5ae491e652c146098",
          "name": "Zefiros-Software/cxxopts",
          "repository": "https://github.com/jarro2783/cxxopts.git",
          "tag": "v2.0.0",
          "version": "2.0.0",
          "versionRequirement": ">=2.0.0"
        } ]
      },
      "repository": "https://github.com/Zefiros-Software/Args.git",
      "tag": "HEAD",
      "versionRequirement": "@head"
    }, {
      "definition": "https://github.com/Zefiros-Software/cxxopts.git",
      "hash": "8893afe13cc47dd0be4f25b5ae491e652c146098",
      "name": "Zefiros-Software/cxxopts",
      "repository": "https://github.com/jarro2783/cxxopts.git",
      "tag": "v2.0.0",
      "version": "2.0.0",
      "versionRequirement": "2.0.0"
    }, {
      "definition": "https://github.com/Zefiros-Software/MKL.git",
      "hash": "1b0ad49685f371144ce754d859bbad07722d4915",
      "name": "Zefiros-Software/MKL",
      "repository": "https://github.com/Zefiros-Software/MKL.git",
      "settings": {
        "backend": "tbb"
      },
      "tag": "HEAD",
      "versionRequirement": "@head"
    }, {
      "definition": "https://github.com/Zefiros-Software/Fs.git",
      "hash": "672021434578b0edd37274e54a43fbfc387ee655",
      "name": "Zefiros-Software/Fs",
      "public": {
        "libraries": [ {
          "definition": "https://github.com/Zefiros-Software/Preproc.git",
          "hash": "cfc72aa91d4c64cce80ae568bd35451ca0168fd9",
          "name": "Zefiros-Software/Preproc",
          "public": {
            "libraries": [ {
              "definition": "https://github.com/Zefiros-Software/Predef.git",
              "hash": "c8c26821b9ab850ace7bbaf0d22f347a1486ff6d",
              "name": "Zefiros-Software/Predef",
              "repository": "https://github.com/boostorg/predef.git",
              "tag": "boost-1.66.0",
              "version": "1.66.0",
              "versionRequirement": ">1.65.0 || @head"
            } ]
          },
          "repository": "https://github.com/Zefiros-Software/Preproc.git",
          "tag": "HEAD",
          "versionRequirement": "@head"
        } ]
      },
      "repository": "https://github.com/Zefiros-Software/Fs.git",
      "tag": "HEAD",
      "versionRequirement": "@head"
    }, {
      "definition": "https://github.com/Zefiros-Software/hwloc.git",
      "hash": "11db074045e09783f0a9a4d9fdbc2277d48b8e14",
      "name": "Zefiros-Software/hwloc",
      "repository": "https://github.com/open-mpi/hwloc.git",
      "tag": "hwloc-2.0.1rc1",
      "version": "2.0.1rc1",
      "versionRequirement": "^2.0.1"
    } ]
  },
  "repository": "./"
}