{
  "definition": "./",
  "optionals": [],
  "private": {
    "modules": [ {
      "definition": "https://github.com/Zefiros-Software/ZefirosDefaults.git",
      "hash": "307ed2723825fe315220ed5b5117d5b947894742",
      "name": "Zefiros-Software/Defaults",
      "public": {
        "libraries": [ {
          "definition": "https://github.com/Zefiros-Software/GoogleTest.git",
          "hash": "dccc2d67547a5a3a97e4f211f39df931c6fbd5d5",
          "name": "Zefiros-Software/GoogleTest",
          "repository": "https://github.com/google/googletest.git",
          "tag": "HEAD",
          "versionRequirement": "@head || ^1.0.0"
        }, {
          "definition": "https://github.com/Zefiros-Software/GoogleBenchmark.git",
          "hash": "e668e2a1baaa969a8e5a9220e3949e3202dea9e8",
          "name": "Zefiros-Software/GoogleBenchmark",
          "repository": "https://github.com/google/benchmark.git",
          "tag": "HEAD",
          "versionRequirement": "@head"
        } ]
      },
      "repository": "https://github.com/Zefiros-Software/ZefirosDefaults.git",
      "tag": "HEAD",
      "versionRequirement": "@head"
    }, {
      "definition": "https://github.com/Zefiros-Software/MPI.git",
      "hash": "861c63d876c98ca43bb5a7952fed182b1282a0c0",
      "name": "Zefiros-Software/MPI",
      "repository": "https://github.com/Zefiros-Software/MPI.git",
      "tag": "HEAD",
      "versionRequirement": "@head"
    } ]
  },
  "public": {
    "libraries": [ {
      "definition": "https://github.com/Zefiros-Software/PlotLib.git",
      "hash": "d22076c5d5fccfab61f4b18099a8a504e14110dc",
      "name": "Zefiros-Software/PlotLib",
      "optionals": {
        "libraries": [ {
          "name": "Zefiros-Software/Armadillo",
          "versionRequirement": "^7.800.0"
        } ]
      },
      "private": {
        "modules": [ {
          "definition": "https://github.com/Zefiros-Software/Miniconda.git",
          "hash": "a72fd309fcdbd684a4f1bd9d4fd9e835562beea6",
          "name": "Zefiros-Software/Miniconda",
          "repository": "https://github.com/Zefiros-Software/Miniconda.git",
          "tag": "HEAD",
          "versionRequirement": "@head"
        } ]
      },
      "repository": "https://github.com/Zefiros-Software/PlotLib.git",
      "tag": "2.0.2",
      "version": "2.0.2",
      "versionRequirement": "^2.0.0"
    }, {
      "definition": "https://github.com/Zefiros-Software/Fmt.git",
      "hash": "135ab5cf71ed731fc9fa0653051e7d4884a3652f",
      "name": "Zefiros-Software/Fmt",
      "repository": "https://github.com/fmtlib/fmt.git",
      "tag": "4.1.0",
      "version": "4.1.0",
      "versionRequirement": "^4.0.0"
    }, {
      "definition": "https://github.com/Zefiros-Software/ArmadilloBuild.git",
      "hash": "ed66c0b613ea65141e0b7b9355a329a254fd2eb1",
      "name": "Zefiros-Software/Armadillo",
      "optionals": {
        "libraries": [ {
          "name": "Zefiros-Software/MKL",
          "versionRequirement": "@head"
        } ]
      },
      "repository": "https://github.com/conradsnicta/armadillo-code.git",
      "tag": "8.400.x",
      "versionRequirement": ">=8.0.0"
    }, {
      "definition": "https://github.com/Zefiros-Software/Json.git",
      "hash": "d2dd27dc3b8472dbaa7d66f83619b3ebcd9185fe",
      "name": "Zefiros-Software/Json",
      "repository": "https://github.com/nlohmann/json.git",
      "tag": "v3.1.2",
      "version": "3.1.2",
      "versionRequirement": "^3.0.0"
    }, {
      "definition": "https://github.com/Zefiros-Software/Args.git",
      "hash": "55dfb31b2f7ed3dfd6893b587b7ee5ce12e29653",
      "name": "Zefiros-Software/Args",
      "public": {
        "libraries": [ {
          "definition": "https://github.com/Zefiros-Software/cxxopts.git",
          "hash": "8893afe13cc47dd0be4f25b5ae491e652c146098",
          "name": "Zefiros-Software/cxxopts",
          "repository": "https://github.com/jarro2783/cxxopts.git",
          "tag": "v2.0.0",
          "version": "2.0.0",
          "versionRequirement": ">=2.0.0"
        } ]
      },
      "repository": "https://github.com/Zefiros-Software/Args.git",
      "tag": "HEAD",
      "versionRequirement": "@head"
    } ]
  },
  "repository": "./"
}